dmitri.shuralyov.com/gpu/mtl v0.0.0-20190408044501-666a987793e9 h1:VpgP7xuJadIUuKccphEpTJnWhS2jkQyMt6Y7pJCD7fY=
dmitri.shuralyov.com/gpu/mtl v0.0.0-20190408044501-666a987793e9/go.mod h1:H6x//7gZCb22OMCxBHrMx7a5I7Hp++hsVxbQ4BYO7hU=
gioui.org v0.0.0-20191120192806-6a2b5a8d3b93 h1:WU7p1URyFKsFMx5+jYmxUgAyXiMQSZvbp/9YQiziSsQ=
gioui.org v0.0.0-20191120192806-6a2b5a8d3b93/go.mod h1:KqFFi2Dq5gYA3FJ0sDOt8OBXoMsuxMtE8v2f0JExXAY=
gioui.org v0.0.0-20191125092449-99d97d2ef501 h1:Dgb6xxEpqQLCxkuOd9eUISMFkJcxbDSY5gr9F/Vzo8Y=
gioui.org v0.0.0-20191125092449-99d97d2ef501/go.mod h1:KqFFi2Dq5gYA3FJ0sDOt8OBXoMsuxMtE8v2f0JExXAY=
github.com/BurntSushi/xgb v0.0.0-20160522181843-27f122750802 h1:1BDTz0u9nC3//pOCMdNH+CiXJVYJh5UQNCOBG7jbELc=
github.com/BurntSushi/xgb v0.0.0-20160522181843-27f122750802/go.mod h1:IVnqGOEym/WlBOVXweHU+Q+/VP0lqqI8lqeDx9IjBqo=
github.com/BurntSushi/xgb v0.0.0-20160522221800-27f122750802 h1:otE7gFP0KwnPTKtMvPLOcWDZxx6rXYyJGlrXbhoD7og=
github.com/BurntSushi/xgb v0.0.0-20160522221800-27f122750802/go.mod h1:IVnqGOEym/WlBOVXweHU+Q+/VP0lqqI8lqeDx9IjBqo=
github.com/aarzilli/nucular v0.0.0-20181005081711-cc306f976081 h1:sOdU/AthCcFoPuSeSYg9lLLfD+T61EjA1WlN3vx/ytI=
github.com/aarzilli/nucular v0.0.0-20181005081711-cc306f976081/go.mod h1:rh/rFeChsox144sAUJaD7obyj+JFIUqag6QnvRyAZJQ=
github.com/aarzilli/nucular v0.0.0-20181028070442-2dd10d21c9d4 h1:tonnPWPfA0M3eYfo6+xcx+qHp8utzsA5JWqv6dfKiSM=
github.com/aarzilli/nucular v0.0.0-20181028070442-2dd10d21c9d4/go.mod h1:rh/rFeChsox144sAUJaD7obyj+JFIUqag6QnvRyAZJQ=
github.com/aarzilli/nucular v0.0.0-20181109102216-9506b152e919 h1:L6GLdaNJms9+me+FvePYBEC8d6HZxc4xcBnvS74AuZk=
github.com/aarzilli/nucular v0.0.0-20181109102216-9506b152e919/go.mod h1:rh/rFeChsox144sAUJaD7obyj+JFIUqag6QnvRyAZJQ=
github.com/aarzilli/nucular v0.0.0-20181214170056-90d19e69423b h1:utdV7CGPqAx4fx91wxeUrvaYOYmxiWg/Y3qUzQqWEac=
github.com/aarzilli/nucular v0.0.0-20181214170056-90d19e69423b/go.mod h1:rh/rFeChsox144sAUJaD7obyj+JFIUqag6QnvRyAZJQ=
github.com/aarzilli/nucular v0.0.0-20181227101716-d1a942545d6d h1:BLhrKkQNOBeRDRJdevy7tE7ca2+sp3daQ6xG7vagEzg=
github.com/aarzilli/nucular v0.0.0-20181227101716-d1a942545d6d/go.mod h1:rh/rFeChsox144sAUJaD7obyj+JFIUqag6QnvRyAZJQ=
github.com/aarzilli/nucular v0.0.0-20190520165901-2ca4109375f4 h1:MBIo4uuMzK8qwZTSGxj870UW8Z3pVXGYw6VtAhIw1e4=
github.com/aarzilli/nucular v0.0.0-20190520165901-2ca4109375f4/go.mod h1:kmRix5MpiU9CMTXlMppPUJ6FEza2no59rZZZWcF3xMU=
github.com/aarzilli/nucular v0.0.0-20190604155258-847327059ed7 h1:hUPnGRVk7zIgDxQEzeETm9L45edIkyYlOR78rtrpYmA=
github.com/aarzilli/nucular v0.0.0-20190604155258-847327059ed7/go.mod h1:kmRix5MpiU9CMTXlMppPUJ6FEza2no59rZZZWcF3xMU=
github.com/aarzilli/nucular v0.0.0-20190901090451-46005390ac30 h1:BMgnFzB4sowncppake7qBZyYq7PSLcESZLxFMouXuXo=
github.com/aarzilli/nucular v0.0.0-20190901090451-46005390ac30/go.mod h1:wGdJsPGGsknzeob6x436MChSy8DAom5UxdzUTjNCNDw=
github.com/aarzilli/nucular v0.0.0-20191018152528-bd6e10abdf4d h1:BTw8Ef/It4R8vI3lpnV51eSK1/0Bn3f0Lfhl5cBqlnI=
github.com/aarzilli/nucular v0.0.0-20191018152528-bd6e10abdf4d/go.mod h1:wGdJsPGGsknzeob6x436MChSy8DAom5UxdzUTjNCNDw=
github.com/aarzilli/nucular v0.0.0-20191121102842-79821a6607c4 h1:Is4FzUGFhOsXLVttTascvbjVVzb9tiu8cLS8nYu9uh8=
github.com/aarzilli/nucular v0.0.0-20191121102842-79821a6607c4/go.mod h1:txUB5i+5ws0r2wBPeUNu0O58OPqlk7GZUdPdXhNJITo=
github.com/aarzilli/nucular v0.0.0-20191121135104-8b286ef72d7d h1:k7/R5gXg0vZxiblDZ24K3ueu7foFV7ezt2nWqUjPvzU=
github.com/aarzilli/nucular v0.0.0-20191121135104-8b286ef72d7d/go.mod h1:txUB5i+5ws0r2wBPeUNu0O58OPqlk7GZUdPdXhNJITo=
github.com/aarzilli/nucular v0.0.0-20191121141258-cd88a8a728dc h1:ULaAlN2bcwxxSfU1X2l8OiC8Cx4p1cSg5rzG3YNtGMo=
github.com/aarzilli/nucular v0.0.0-20191121141258-cd88a8a728dc/go.mod h1:txUB5i+5ws0r2wBPeUNu0O58OPqlk7GZUdPdXhNJITo=
github.com/aarzilli/nucular v0.0.0-20191121142238-d634a2745beb h1:SbIwRMYG3eJe4yiH7HJxS1+pRJNwLVDAxd8BSNKDXoY=
github.com/aarzilli/nucular v0.0.0-20191121142238-d634a2745beb/go.mod h1:txUB5i+5ws0r2wBPeUNu0O58OPqlk7GZUdPdXhNJITo=
github.com/aarzilli/nucular v0.0.0-20191122084214-fe2dafba3708 h1:C3ldi3SX1mGgCIR1Kn04hGQRccttdjg2i7Yt3bQlTds=
github.com/aarzilli/nucular v0.0.0-20191122084214-fe2dafba3708/go.mod h1:txUB5i+5ws0r2wBPeUNu0O58OPqlk7GZUdPdXhNJITo=
github.com/aarzilli/nucular v0.0.0-20191122092430-11c2d0835aae h1:ZVZmfLg/2adS7qoCvr572Ua9LZnElvmIP8RrNJiarGw=
github.com/aarzilli/nucular v0.0.0-20191122092430-11c2d0835aae/go.mod h1:txUB5i+5ws0r2wBPeUNu0O58OPqlk7GZUdPdXhNJITo=
github.com/aarzilli/nucular v0.0.0-20191122151434-67f86271175e h1:438zlSgACIu1ccn2wWqtp5XrkvfYUmi5tRqJtQZ3Vxg=
github.com/aarzilli/nucular v0.0.0-20191122151434-67f86271175e/go.mod h1:txUB5i+5ws0r2wBPeUNu0O58OPqlk7GZUdPdXhNJITo=
github.com/aarzilli/nucular v0.0.0-20191122151752-8d3f4ba47239 h1:LHzUkxGM1huVBblkButsXufnvF+N8TflHcESgKvSoQM=
github.com/aarzilli/nucular v0.0.0-20191122151752-8d3f4ba47239/go.mod h1:txUB5i+5ws0r2wBPeUNu0O58OPqlk7GZUdPdXhNJITo=
github.com/aarzilli/nucular v0.0.0-20191122193402-94eed4957175 h1:l7y1LCzvOPMfvMHFfhNcz3q6ZdW0ih0KOk8xSIUvqts=
github.com/aarzilli/nucular v0.0.0-20191122193402-94eed4957175/go.mod h1:txUB5i+5ws0r2wBPeUNu0O58OPqlk7GZUdPdXhNJITo=
github.com/aarzilli/nucular v0.0.0-20191123211203-be37d4cdba9b h1:jpUl6ON2ceAL8Iy006PRT4VlrIXtImrwkIDjON/sGig=
github.com/aarzilli/nucular v0.0.0-20191123211203-be37d4cdba9b/go.mod h1:txUB5i+5ws0r2wBPeUNu0O58OPqlk7GZUdPdXhNJITo=
github.com/aarzilli/nucular v0.0.0-20191124071325-8eb85411a2db h1:NiNgG6en/zAiv5gVYv8yI/MHSshiCE83+jOaZKAWdAI=
github.com/aarzilli/nucular v0.0.0-20191124071325-8eb85411a2db/go.mod h1:txUB5i+5ws0r2wBPeUNu0O58OPqlk7GZUdPdXhNJITo=
github.com/aarzilli/nucular v0.0.0-20191125095837-376cdb7f3461 h1:p9qxWe5dTO+6n8oWPBt/A2Q9BJI3wUtOnLx6PcMn8hM=
github.com/aarzilli/nucular v0.0.0-20191125095837-376cdb7f3461/go.mod h1:sczQ1qsfmcy48VzIBjTjBfwIwALsgHMpR8KZfOLijPg=
github.com/chzyer/readline v0.0.0-20180603132655-2972be24d48e h1:fY5BOSpyZCqRo5OhCuC+XN+r/bBCmeuuJtjz+bCNIf8=
github.com/chzyer/readline v0.0.0-20180603132655-2972be24d48e/go.mod h1:nSuG5e5PlCu98SY8svDHJxuZscDgtXS6KTTbou5AhLI=
github.com/cosiner/argv v0.0.0-20170225145430-13bacc38a0a5/go.mod h1:p/NrK5tF6ICIly4qwEDsf6VDirFiWWz0FenfYBwJaKQ=
github.com/cpuguy83/go-md2man v1.0.8/go.mod h1:N6JayAiVKtlHSnuTCeuLSQVs75hb8q+dYQLjr7cDsKY=
github.com/derekparker/delve v1.1.0 h1:icd65nMp7s2HiLz6y/6RCVXBdoED3xxYLwX09EMaRCc=
github.com/derekparker/delve v1.1.0/go.mod h1:pMSZMfp0Nhbm8qdZJkuE/yPGOkLpGXLS1I4poXQpuJU=
github.com/go-delve/delve v1.2.0 h1:uwGyfYO0WsWqbnDWvxCBKOr2qFLpii3tLxwM+fTJs70=
github.com/go-delve/delve v1.2.0/go.mod h1:yP+LD36s/ud5nm4lsQY0TwNhYu2PAwk6xItz+442j74=
github.com/go-gl/glfw v0.0.0-20190409004039-e6da0acd62b1 h1:QbL/5oDUmRBzO9/Z7Seo6zf912W/a6Sr4Eu0G/3Jho0=
github.com/go-gl/glfw v0.0.0-20190409004039-e6da0acd62b1/go.mod h1:vR7hzQXu2zJy9AVAgeJqvqgH9Q5CA+iKCZ2gyEVpxRU=
github.com/golang/freetype v0.0.0-20161208064710-d9be45aaf745 h1:0d9whnMsm0iklqvoBXNEgHPt8pkXdfDplBAswA/F8YA=
github.com/golang/freetype v0.0.0-20161208064710-d9be45aaf745/go.mod h1:E/TSTwGwJL78qG/PmXZO1EjYhfJinVAhrmmHX6Z8B9k=
github.com/golang/freetype v0.0.0-20170609003504-e2365dfdc4a0 h1:DACJavvAHhabrF08vX0COfcOBJRhZ8lUbR+ZWIs0Y5g=
github.com/golang/freetype v0.0.0-20170609003504-e2365dfdc4a0/go.mod h1:E/TSTwGwJL78qG/PmXZO1EjYhfJinVAhrmmHX6Z8B9k=
github.com/hashicorp/golang-lru v0.0.0-20160813221303-0a025b7e63ad h1:eMxs9EL0PvIGS9TTtxg4R+JxuPGav82J8rA+GFnY7po=
github.com/hashicorp/golang-lru v0.0.0-20160813221303-0a025b7e63ad/go.mod h1:/m3WP610KZHVQ1SGc6re/UDhFvYD7pJ4Ao+sR/qLZy8=
github.com/hashicorp/golang-lru v0.5.1 h1:0hERBMJE1eitiLkihrMvRVBYAkpHzc/J3QdDN+dAcgU=
github.com/hashicorp/golang-lru v0.5.1/go.mod h1:/m3WP610KZHVQ1SGc6re/UDhFvYD7pJ4Ao+sR/qLZy8=
github.com/hashicorp/golang-lru v0.5.3 h1:YPkqC67at8FYaadspW/6uE0COsBxS2656RLEr8Bppgk=
github.com/hashicorp/golang-lru v0.5.3/go.mod h1:iADmTwqILo4mZ8BN3D2Q6+9jd8WM5uGBxy+E8yxSoD4=
github.com/inconshreveable/mousetrap v1.0.0/go.mod h1:PxqpIevigyE2G7u3NXJIT2ANytuPF1OarO4DADm73n8=
github.com/mattn/go-colorable v0.0.0-20170327083344-ded68f7a9561/go.mod h1:9vuHe8Xs5qXnSaW/c/ABM9alt+Vo+STaOChaDxuIBZU=
github.com/mattn/go-isatty v0.0.3/go.mod h1:M+lRXTBqGeGNdLjl/ufCoiOlB5xdOkqRJdNxMWT7Zi4=
github.com/peterh/liner v0.0.0-20170317030525-88609521dc4b/go.mod h1:xIteQHvHuaLYG9IFj6mSxM0fCKrs34IrEQUhOYuGPHc=
github.com/pkg/profile v0.0.0-20170413231811-06b906832ed0/go.mod h1:hJw3o1OdXxsrSjjVksARp5W95eeEaEfptyVZyv6JUPA=
github.com/russross/blackfriday v0.0.0-20180428102519-11635eb403ff/go.mod h1:JO/DiYxRf+HjHt06OyowR9PTA263kcR/rfWxYHBV53g=
github.com/sirupsen/logrus v0.0.0-20180523074243-ea8897e79973/go.mod h1:pMByvHTf9Beacp5x1UXfOR9xyW/9antXMhjMPG0dEzc=
github.com/spf13/cobra v0.0.0-20170417170307-b6cb39589372/go.mod h1:1l0Ry5zgKvJasoi3XT1TypsSe7PqH0Sj9dhYf7v3XqQ=
github.com/spf13/pflag v0.0.0-20170417173400-9e4c21054fa1/go.mod h1:DYY7MBk1bdzusC3SYhjObp+wFpr4gzcvqqNjLnInEg4=
go.starlark.net v0.0.0-20190528202925-30ae18b8564f h1:uTCM+tYdju8dB/cb9++mN/y9o+zPieMt6i+vx5pLXXw=
go.starlark.net v0.0.0-20190528202925-30ae18b8564f/go.mod h1:c1/X6cHgvdXj6pUlmWKMkuqRnW4K8x2vwt6JAaaircg=
golang.org/x/arch v0.0.0-20171004143515-077ac972c2e4/go.mod h1:cYlCBUl1MsqxdiKgmc4uh7TxZfWSFLOGSRR090WDxt8=
golang.org/x/crypto v0.0.0-20180614174826-fd5f17ee7299/go.mod h1:6SG95UA2DQfeDnfUPMdvaQW0Q7yPrPDi9nlGo2tz2b4=
golang.org/x/crypto v0.0.0-20190308221718-c2843e01d9a2/go.mod h1:djNgcEr1/C05ACkg1iLfiJU5Ep61QUkGW8qpdssI0+w=
golang.org/x/crypto v0.0.0-20190510104115-cbcb75029529/go.mod h1:yigFU9vqHzYiE8UmvKecakEJjdnWj3jj499lnFckfCI=
golang.org/x/crypto v0.0.0-20190530122614-20be4c3c3ed5/go.mod h1:yigFU9vqHzYiE8UmvKecakEJjdnWj3jj499lnFckfCI=
golang.org/x/exp v0.0.0-20171209012058-072991165226 h1:sb67HiWk98LHu6TtgnfVTHraZYkXLgFRJlXcNahrXCc=
golang.org/x/exp v0.0.0-20171209012058-072991165226/go.mod h1:CJ0aWSM057203Lf6IL+f9T1iT9GByDxfZKAQTCR3kQA=
golang.org/x/exp v0.0.0-20190306152737-a1d7652674e8/go.mod h1:CJ0aWSM057203Lf6IL+f9T1iT9GByDxfZKAQTCR3kQA=
golang.org/x/exp v0.0.0-20190510132918-efd6b22b2522 h1:OeRHuibLsmZkFj773W4LcfAGsSxJgfPONhr8cmO+eLA=
golang.org/x/exp v0.0.0-20190510132918-efd6b22b2522/go.mod h1:ZjyILWgesfNpC6sMxTJOJm9Kp84zZh5NQWvqDGG3Qr8=
golang.org/x/exp v0.0.0-20190731235908-ec7cb31e5a56/go.mod h1:JhuoJpWY28nO4Vef9tZUw9qufEGTyX1+7lmHxV5q5G4=
golang.org/x/exp v0.0.0-20190829153037-c13cbed26979 h1:Agxu5KLo8o7Bb634SVDnhIfpTvxmzUwhbYAzBvXt6h4=
golang.org/x/exp v0.0.0-20190829153037-c13cbed26979/go.mod h1:86+5VVa7VpoJ4kLfm080zCjGlMRFzhUhsZKEZO7MGek=
golang.org/x/exp v0.0.0-20190927203820-447a159532ef h1:0MEfU0Kh8iitbYr+L8WhnyAxLCVa5p0hV8tnPmdGDp0=
golang.org/x/exp v0.0.0-20190927203820-447a159532ef/go.mod h1:NOZ3BPKG0ec/BKJQgnvsSFpcKLM5xXVWnvZS97DWHgE=
golang.org/x/exp v0.0.0-20191002040644-a1355ae1e2c3/go.mod h1:NOZ3BPKG0ec/BKJQgnvsSFpcKLM5xXVWnvZS97DWHgE=
golang.org/x/exp v0.0.0-20191024150812-c286b889502e/go.mod h1:JXzH8nQsPlswgeRAPE3MuO9GYsAcnJvJ4vnMwN/5qkY=
golang.org/x/exp v0.0.0-20191030013958-a1ab85dbe136 h1:A1gGSx58LAGVHUUsOf7IiR0u8Xb6W51gRwfDBhkdcaw=
golang.org/x/exp v0.0.0-20191030013958-a1ab85dbe136/go.mod h1:JXzH8nQsPlswgeRAPE3MuO9GYsAcnJvJ4vnMwN/5qkY=
golang.org/x/image v0.0.0-20170331233916-ce0faa1867f5 h1:Y8k2xgnl71xxKST1qLiv87kmWlHW0oAu9SaUXmIxE1s=
golang.org/x/image v0.0.0-20170331233916-ce0faa1867f5/go.mod h1:ux5Hcp/YLpHSI86hEcLt0YII63i6oz57MZXIpbrjZUs=
golang.org/x/image v0.0.0-20190227222117-0694c2d4d067 h1:KYGJGHOQy8oSi1fDlSpcZF0+juKwk/hEMv5SiwHogR0=
golang.org/x/image v0.0.0-20190227222117-0694c2d4d067/go.mod h1:kZ7UVZpmo3dzQBMxlp+ypCbDeSB+sBbTgSJuh5dn5js=
golang.org/x/image v0.0.0-20190523035834-f03afa92d3ff h1:+2zgJKVDVAz/BWSsuniCmU1kLCjL88Z8/kv39xCI9NQ=
golang.org/x/image v0.0.0-20190523035834-f03afa92d3ff/go.mod h1:kZ7UVZpmo3dzQBMxlp+ypCbDeSB+sBbTgSJuh5dn5js=
golang.org/x/image v0.0.0-20190802002840-cff245a6509b/go.mod h1:FeLwcggjj3mMvU+oOTbSwawSJRM1uh48EjtB4UJZlP0=
golang.org/x/image v0.0.0-20190829233526-b3c06291d021 h1:j6QOxNFMpEL1wIQX6TUdBPNfGZKmBOJS/vfSm8a7tdM=
golang.org/x/image v0.0.0-20190829233526-b3c06291d021/go.mod h1:FeLwcggjj3mMvU+oOTbSwawSJRM1uh48EjtB4UJZlP0=
golang.org/x/image v0.0.0-20191009234506-e7c1f5e7dbb8 h1:hVwzHzIUGRjiF7EcUjqNxk3NCfkPxbDKRdnNE1Rpg0U=
golang.org/x/image v0.0.0-20191009234506-e7c1f5e7dbb8/go.mod h1:FeLwcggjj3mMvU+oOTbSwawSJRM1uh48EjtB4UJZlP0=
golang.org/x/mobile v0.0.0-20170307115833-eb9032959f05 h1:SfnKURPqpZR7R25slH48KrxWWFWNkMWMkE9ntmoPgTg=
golang.org/x/mobile v0.0.0-20170307115833-eb9032959f05/go.mod h1:z+o9i4GpDbdi3rU15maQ/Ox0txvL9dWGYEHz965HBQE=
golang.org/x/mobile v0.0.0-20190312151609-d3739f865fa6/go.mod h1:z+o9i4GpDbdi3rU15maQ/Ox0txvL9dWGYEHz965HBQE=
golang.org/x/mobile v0.0.0-20190318164015-6bd122906c08 h1:REhdg1qxVTaAJcvh9BOGNgt2kd+KiUZ148XXlLp08FU=
golang.org/x/mobile v0.0.0-20190318164015-6bd122906c08/go.mod h1:E/iHnbuqvinMTCcRqshq8CkpyQDoeVncDDYHnLhea+o=
golang.org/x/mobile v0.0.0-20190509164839-32b2708ab171 h1:+npKrsyWLfGzZBx7xq8JP8GIYOlCfhiAhL5sFSMjqSQ=
golang.org/x/mobile v0.0.0-20190509164839-32b2708ab171/go.mod h1:E/iHnbuqvinMTCcRqshq8CkpyQDoeVncDDYHnLhea+o=
golang.org/x/mobile v0.0.0-20190719004257-d2bd2a29d028/go.mod h1:E/iHnbuqvinMTCcRqshq8CkpyQDoeVncDDYHnLhea+o=
golang.org/x/mobile v0.0.0-20190830201351-c6da95954960 h1:g5dGzuzMMVsqpij5zmxpKHDVCSJ61fyK+G28hlQ9Zok=
golang.org/x/mobile v0.0.0-20190830201351-c6da95954960/go.mod h1:mJOp/i0LXPxJZ9weeIadcPqKVfS05Ai7m6/t9z1Hs/Y=
golang.org/x/mobile v0.0.0-20191120161935-871512928762 h1:nyu3cDaGgPbhYwvaZBw6p70Ni/40/qdftv/coKzHZW8=
golang.org/x/mobile v0.0.0-20191120161935-871512928762/go.mod h1:p895TfNkDgPEmEQrNiOtIl3j98d/tGU95djDj7NfyjQ=
golang.org/x/mod v0.1.0/go.mod h1:0QHyrYULN0/3qlju5TqG8bIK38QM8yzMo5ekMj3DlcY=
golang.org/x/net v0.0.0-20190311183353-d8887717615a/go.mod h1:t9HGtf8HONx5eT2rtn7q6eTqICYqUVnKs3thJo3Qplg=
golang.org/x/net v0.0.0-20190404232315-eb5bcb51f2a3/go.mod h1:t9HGtf8HONx5eT2rtn7q6eTqICYqUVnKs3thJo3Qplg=
golang.org/x/net v0.0.0-20190603091049-60506f45cf65/go.mod h1:HSz+uSET+XFnRR8LxR5pz3Of3rY3CfYBVs4xY44aLks=
golang.org/x/net v0.0.0-20190620200207-3b0461eec859/go.mod h1:z5CRVTTTmAJ677TzLLGU+0bjPO0LkuOLi4/5GtJWs/s=
golang.org/x/sync v0.0.0-20190423024810-112230192c58/go.mod h1:RxMgew5VJxzue5/jJTE5uejpjVlOe/izrB70Jof72aM=
golang.org/x/sys v0.0.0-20160717071931-a646d33e2ee3/go.mod h1:STP8DvDyc/dI5b8T5hshtkjS+E42TnysNCUPdjciGhY=
golang.org/x/sys v0.0.0-20170403205132-493114f68206 h1:PiMfCDWTEm269Y1NLy3hGTZhy8u68ODo3aKVipOt++E=
golang.org/x/sys v0.0.0-20170403205132-493114f68206/go.mod h1:STP8DvDyc/dI5b8T5hshtkjS+E42TnysNCUPdjciGhY=
golang.org/x/sys v0.0.0-20180614134839-8883426083c0/go.mod h1:STP8DvDyc/dI5b8T5hshtkjS+E42TnysNCUPdjciGhY=
golang.org/x/sys v0.0.0-20190215142949-d0b11bdaac8a/go.mod h1:STP8DvDyc/dI5b8T5hshtkjS+E42TnysNCUPdjciGhY=
golang.org/x/sys v0.0.0-20190312061237-fead79001313 h1:pczuHS43Cp2ktBEEmLwScxgjWsBSzdaQiKzUyf3DTTc=
golang.org/x/sys v0.0.0-20190312061237-fead79001313/go.mod h1:h1NjWce9XRLGQEsW7wpKNCjG9DtNlClVuFLEZdDNbEs=
golang.org/x/sys v0.0.0-20190412213103-97732733099d/go.mod h1:h1NjWce9XRLGQEsW7wpKNCjG9DtNlClVuFLEZdDNbEs=
golang.org/x/sys v0.0.0-20190602015325-4c4f7f33c9ed h1:uPxWBzB3+mlnjy9W58qY1j/cjyFjutgw/Vhan2zLy/A=
golang.org/x/sys v0.0.0-20190602015325-4c4f7f33c9ed/go.mod h1:h1NjWce9XRLGQEsW7wpKNCjG9DtNlClVuFLEZdDNbEs=
golang.org/x/sys v0.0.0-20190813064441-fde4db37ae7a/go.mod h1:h1NjWce9XRLGQEsW7wpKNCjG9DtNlClVuFLEZdDNbEs=
golang.org/x/sys v0.0.0-20190830142957-1e83adbbebd0 h1:7z820YPX9pxWR59qM7BE5+fglp4D/mKqAwCvGt11b+8=
golang.org/x/sys v0.0.0-20190830142957-1e83adbbebd0/go.mod h1:h1NjWce9XRLGQEsW7wpKNCjG9DtNlClVuFLEZdDNbEs=
golang.org/x/sys v0.0.0-20191120155948-bd437916bb0e h1:N7DeIrjYszNmSW409R3frPPwglRwMkXSBzwVbkOjLLA=
golang.org/x/sys v0.0.0-20191120155948-bd437916bb0e/go.mod h1:h1NjWce9XRLGQEsW7wpKNCjG9DtNlClVuFLEZdDNbEs=
golang.org/x/text v0.3.0/go.mod h1:NqM8EUOU14njkJ3fqMW+pc6Ldnwhi/IjpwHt7yyuwOQ=
golang.org/x/text v0.3.2 h1:tW2bmiBqwgJj/UpqtC8EpXEZVYOwU0yG4iWbprSVAcs=
golang.org/x/text v0.3.2/go.mod h1:bEr9sfX3Q8Zfm5fL9x+3itogRgK3+ptLWKqgva+5dAk=
golang.org/x/tools v0.0.0-20180917221912-90fa682c2a6e/go.mod h1:n7NCudcB/nEzxVGmLbDWY5pfWTLqBcC2KZ6jyYvM4mQ=
golang.org/x/tools v0.0.0-20181120060634-fc4f04983f62/go.mod h1:n7NCudcB/nEzxVGmLbDWY5pfWTLqBcC2KZ6jyYvM4mQ=
golang.org/x/tools v0.0.0-20190312151545-0bb0c0a6e846/go.mod h1:LCzVGOaR6xXOjkQ3onu1FJEFr0SW1gC7cKk1uF8kGRs=
golang.org/x/tools v0.0.0-20190603231351-8aaa1484dc10/go.mod h1:/rFqwRUd4F7ZHNgwSSTFct+R/Kf4OFW1sUzUTQQTgfc=
golang.org/x/tools v0.0.0-20190816200558-6889da9d5479/go.mod h1:b+2E5dAYhXwXZwtnZ6UAqBI28+e2cm9otk0dWdXHAEo=
golang.org/x/tools v0.0.0-20190909214602-067311248421/go.mod h1:b+2E5dAYhXwXZwtnZ6UAqBI28+e2cm9otk0dWdXHAEo=
golang.org/x/tools v0.0.0-20190927191325-030b2cf1153e/go.mod h1:b+2E5dAYhXwXZwtnZ6UAqBI28+e2cm9otk0dWdXHAEo=
golang.org/x/tools v0.0.0-20191012152004-8de300cfc20a/go.mod h1:b+2E5dAYhXwXZwtnZ6UAqBI28+e2cm9otk0dWdXHAEo=
golang.org/x/xerrors v0.0.0-20190717185122-a985d3407aa7/go.mod h1:I/5z698sn9Ka8TeJc9MKroUUfqBBauWjQqLJ2OPfmY0=
gopkg.in/yaml.v2 v2.0.0-20170407172122-cd8b52f8269e/go.mod h1:JAlM8MvJe8wmxCU4Bli9HhUf9+ttbYbLASfIpnQbh74=
